
Microsoft Visual Studio Solution File, Format Version 12.00
# Visual Studio Version 17
VisualStudioVersion = 17.4.33205.214
MinimumVisualStudioVersion = 10.0.40219.1
Project("{FAE04EC0-301F-11D3-BF4B-00C04F79EFBC}") = "CrudBasico", "CrudBasico\CrudBasico.csproj", "{E5B87BFC-1B52-4D5D-B26D-E2F18F832231}"
EndProject
Global
	GlobalSection(SolutionConfigurationPlatforms) = preSolution
		Debug|Any CPU = Debug|Any CPU
		Release|Any CPU = Release|Any CPU
	EndGlobalSection
	GlobalSection(ProjectConfigurationPlatforms) = postSolution
		{E5B87BFC-1B52-4D5D-B26D-E2F18F832231}.Debug|Any CPU.ActiveCfg = Debug|Any CPU
		{E5B87BFC-1B52-4D5D-B26D-E2F18F832231}.Debug|Any CPU.Build.0 = Debug|Any CPU
		{E5B87BFC-1B52-4D5D-B26D-E2F18F832231}.Release|Any CPU.ActiveCfg = Release|Any CPU
		{E5B87BFC-1B52-4D5D-B26D-E2F18F832231}.Release|Any CPU.Build.0 = Release|Any CPU
	EndGlobalSection
	GlobalSection(SolutionProperties) = preSolution
		HideSolutionNode = FALSE
	EndGlobalSection
	GlobalSection(ExtensibilityGlobals) = postSolution
		SolutionGuid = {452E412B-BF17-44E1-91BB-5B216E11D5ED}
	EndGlobalSection
EndGlobal
